
Microsoft Visual Studio Solution File, Format Version 12.00
# Visual Studio Version 17
VisualStudioVersion = 17.7.34031.279
MinimumVisualStudioVersion = 10.0.40219.1
Project("{9A19103F-16F7-4668-BE54-9A1E7A4F7556}") = "Entities", "Entities\Entities.csproj", "{4ABDCA78-2DFC-4CA2-B326-2183D98E8A95}"
EndProject
Project("{9A19103F-16F7-4668-BE54-9A1E7A4F7556}") = "DataAccess", "DataAccess\DataAccess.csproj", "{1270A063-748B-47F9-8698-380467F9B59D}"
EndProject
Project("{9A19103F-16F7-4668-BE54-9A1E7A4F7556}") = "Business", "Business\Business.csproj", "{B6504415-12A8-4001-B717-3899A1D11430}"
EndProject
Project("{9A19103F-16F7-4668-BE54-9A1E7A4F7556}") = "Core", "Core\Core.csproj", "{099CF1DB-7711-4A98-A2B3-E967BD8D1035}"
EndProject
Project("{9A19103F-16F7-4668-BE54-9A1E7A4F7556}") = "WebAPI", "WebAPI\WebAPI.csproj", "{23C6E831-F08C-448F-9A27-A9BA5B7B76ED}"
EndProject
Global
	GlobalSection(SolutionConfigurationPlatforms) = preSolution
		Debug|Any CPU = Debug|Any CPU
		Release|Any CPU = Release|Any CPU
	EndGlobalSection
	GlobalSection(ProjectConfigurationPlatforms) = postSolution
		{4ABDCA78-2DFC-4CA2-B326-2183D98E8A95}.Debug|Any CPU.ActiveCfg = Debug|Any CPU
		{4ABDCA78-2DFC-4CA2-B326-2183D98E8A95}.Debug|Any CPU.Build.0 = Debug|Any CPU
		{4ABDCA78-2DFC-4CA2-B326-2183D98E8A95}.Release|Any CPU.ActiveCfg = Release|Any CPU
		{4ABDCA78-2DFC-4CA2-B326-2183D98E8A95}.Release|Any CPU.Build.0 = Release|Any CPU
		{1270A063-748B-47F9-8698-380467F9B59D}.Debug|Any CPU.ActiveCfg = Debug|Any CPU
		{1270A063-748B-47F9-8698-380467F9B59D}.Debug|Any CPU.Build.0 = Debug|Any CPU
		{1270A063-748B-47F9-8698-380467F9B59D}.Release|Any CPU.ActiveCfg = Release|Any CPU
		{1270A063-748B-47F9-8698-380467F9B59D}.Release|Any CPU.Build.0 = Release|Any CPU
		{B6504415-12A8-4001-B717-3899A1D11430}.Debug|Any CPU.ActiveCfg = Debug|Any CPU
		{B6504415-12A8-4001-B717-3899A1D11430}.Debug|Any CPU.Build.0 = Debug|Any CPU
		{B6504415-12A8-4001-B717-3899A1D11430}.Release|Any CPU.ActiveCfg = Release|Any CPU
		{B6504415-12A8-4001-B717-3899A1D11430}.Release|Any CPU.Build.0 = Release|Any CPU
		{099CF1DB-7711-4A98-A2B3-E967BD8D1035}.Debug|Any CPU.ActiveCfg = Debug|Any CPU
		{099CF1DB-7711-4A98-A2B3-E967BD8D1035}.Debug|Any CPU.Build.0 = Debug|Any CPU
		{099CF1DB-7711-4A98-A2B3-E967BD8D1035}.Release|Any CPU.ActiveCfg = Release|Any CPU
		{099CF1DB-7711-4A98-A2B3-E967BD8D1035}.Release|Any CPU.Build.0 = Release|Any CPU
		{23C6E831-F08C-448F-9A27-A9BA5B7B76ED}.Debug|Any CPU.ActiveCfg = Debug|Any CPU
		{23C6E831-F08C-448F-9A27-A9BA5B7B76ED}.Debug|Any CPU.Build.0 = Debug|Any CPU
		{23C6E831-F08C-448F-9A27-A9BA5B7B76ED}.Release|Any CPU.ActiveCfg = Release|Any CPU
		{23C6E831-F08C-448F-9A27-A9BA5B7B76ED}.Release|Any CPU.Build.0 = Release|Any CPU
	EndGlobalSection
	GlobalSection(SolutionProperties) = preSolution
		HideSolutionNode = FALSE
	EndGlobalSection
	GlobalSection(ExtensibilityGlobals) = postSolution
		SolutionGuid = {867448E1-8A80-453C-807D-F5E15C45971D}
	EndGlobalSection
EndGlobal
